
Microsoft Visual Studio Solution File, Format Version 12.00
# Visual Studio Version 17
VisualStudioVersion = 17.4.33213.308
MinimumVisualStudioVersion = 10.0.40219.1
Project("{FAE04EC0-301F-11D3-BF4B-00C04F79EFBC}") = "28.03.2023 dz", "28.03.2023 dz\28.03.2023 dz.csproj", "{964F4366-376A-4F7F-9594-FBA2B359D7AF}"
EndProject
Global
	GlobalSection(SolutionConfigurationPlatforms) = preSolution
		Debug|Any CPU = Debug|Any CPU
		Release|Any CPU = Release|Any CPU
	EndGlobalSection
	GlobalSection(ProjectConfigurationPlatforms) = postSolution
		{964F4366-376A-4F7F-9594-FBA2B359D7AF}.Debug|Any CPU.ActiveCfg = Debug|Any CPU
		{964F4366-376A-4F7F-9594-FBA2B359D7AF}.Debug|Any CPU.Build.0 = Debug|Any CPU
		{964F4366-376A-4F7F-9594-FBA2B359D7AF}.Release|Any CPU.ActiveCfg = Release|Any CPU
		{964F4366-376A-4F7F-9594-FBA2B359D7AF}.Release|Any CPU.Build.0 = Release|Any CPU
	EndGlobalSection
	GlobalSection(SolutionProperties) = preSolution
		HideSolutionNode = FALSE
	EndGlobalSection
	GlobalSection(ExtensibilityGlobals) = postSolution
		SolutionGuid = {2A064016-8BBC-45BA-9531-2D796E8DB0D5}
	EndGlobalSection
EndGlobal
